
Microsoft Visual Studio Solution File, Format Version 12.00
# Visual Studio 14
VisualStudioVersion = 14.0.22823.1
MinimumVisualStudioVersion = 10.0.40219.1
Project("{FAE04EC0-301F-11D3-BF4B-00C04F79EFBC}") = "PortingDataFromForScore", "PortingDataFromForScore\PortingDataFromForScore.csproj", "{F6C36F8D-D4BC-4540-A8D1-ABAB9457E41C}"
EndProject
Project("{FAE04EC0-301F-11D3-BF4B-00C04F79EFBC}") = "PortingDataFromForScore.Data", "PortingDataFromForScore.Data\PortingDataFromForScore.Data.csproj", "{8A2DD6BF-2186-42DD-9BF3-6D2D6335D342}"
EndProject
Project("{FAE04EC0-301F-11D3-BF4B-00C04F79EFBC}") = "PortingDataFromForScore.CsvProvider", "PortingDataFromForScore.CsvProvider\PortingDataFromForScore.CsvProvider.csproj", "{73D11462-82A0-48B1-BD21-1AD9ED03988F}"
EndProject
Project("{FAE04EC0-301F-11D3-BF4B-00C04F79EFBC}") = "PortingDataFromForScore.RawProvider", "PortingDataFromForScore.RawProvider\PortingDataFromForScore.RawProvider.csproj", "{B6732993-36E6-443B-92DE-1C257E1A9A51}"
EndProject
Project("{FAE04EC0-301F-11D3-BF4B-00C04F79EFBC}") = "PortingDataFromForScore.TpsToCsv", "PortingDataFromForScore.TpsToCsv\PortingDataFromForScore.TpsToCsv.csproj", "{4149D5B8-D15F-4000-ADA9-7B421E17D592}"
EndProject
Project("{FAE04EC0-301F-11D3-BF4B-00C04F79EFBC}") = "TeamResults", "TeamResults\TeamResults.csproj", "{F75F571E-7242-452C-B9B9-3D30EE949CED}"
EndProject
Project("{FAE04EC0-301F-11D3-BF4B-00C04F79EFBC}") = "TeamResults.ExcelService", "TeamResults.ExcelService\TeamResults.ExcelService.csproj", "{016F6E05-CF26-407D-87DA-E2B474BDE302}"
EndProject
Global
	GlobalSection(SolutionConfigurationPlatforms) = preSolution
		Debug|Any CPU = Debug|Any CPU
		Release|Any CPU = Release|Any CPU
	EndGlobalSection
	GlobalSection(ProjectConfigurationPlatforms) = postSolution
		{F6C36F8D-D4BC-4540-A8D1-ABAB9457E41C}.Debug|Any CPU.ActiveCfg = Debug|Any CPU
		{F6C36F8D-D4BC-4540-A8D1-ABAB9457E41C}.Debug|Any CPU.Build.0 = Debug|Any CPU
		{F6C36F8D-D4BC-4540-A8D1-ABAB9457E41C}.Release|Any CPU.ActiveCfg = Release|Any CPU
		{F6C36F8D-D4BC-4540-A8D1-ABAB9457E41C}.Release|Any CPU.Build.0 = Release|Any CPU
		{8A2DD6BF-2186-42DD-9BF3-6D2D6335D342}.Debug|Any CPU.ActiveCfg = Debug|Any CPU
		{8A2DD6BF-2186-42DD-9BF3-6D2D6335D342}.Debug|Any CPU.Build.0 = Debug|Any CPU
		{8A2DD6BF-2186-42DD-9BF3-6D2D6335D342}.Release|Any CPU.ActiveCfg = Release|Any CPU
		{8A2DD6BF-2186-42DD-9BF3-6D2D6335D342}.Release|Any CPU.Build.0 = Release|Any CPU
		{73D11462-82A0-48B1-BD21-1AD9ED03988F}.Debug|Any CPU.ActiveCfg = Debug|Any CPU
		{73D11462-82A0-48B1-BD21-1AD9ED03988F}.Debug|Any CPU.Build.0 = Debug|Any CPU
		{73D11462-82A0-48B1-BD21-1AD9ED03988F}.Release|Any CPU.ActiveCfg = Release|Any CPU
		{73D11462-82A0-48B1-BD21-1AD9ED03988F}.Release|Any CPU.Build.0 = Release|Any CPU
		{B6732993-36E6-443B-92DE-1C257E1A9A51}.Debug|Any CPU.ActiveCfg = Debug|Any CPU
		{B6732993-36E6-443B-92DE-1C257E1A9A51}.Debug|Any CPU.Build.0 = Debug|Any CPU
		{B6732993-36E6-443B-92DE-1C257E1A9A51}.Release|Any CPU.ActiveCfg = Release|Any CPU
		{B6732993-36E6-443B-92DE-1C257E1A9A51}.Release|Any CPU.Build.0 = Release|Any CPU
		{4149D5B8-D15F-4000-ADA9-7B421E17D592}.Debug|Any CPU.ActiveCfg = Debug|Any CPU
		{4149D5B8-D15F-4000-ADA9-7B421E17D592}.Debug|Any CPU.Build.0 = Debug|Any CPU
		{4149D5B8-D15F-4000-ADA9-7B421E17D592}.Release|Any CPU.ActiveCfg = Release|Any CPU
		{4149D5B8-D15F-4000-ADA9-7B421E17D592}.Release|Any CPU.Build.0 = Release|Any CPU
		{F75F571E-7242-452C-B9B9-3D30EE949CED}.Debug|Any CPU.ActiveCfg = Debug|Any CPU
		{F75F571E-7242-452C-B9B9-3D30EE949CED}.Debug|Any CPU.Build.0 = Debug|Any CPU
		{F75F571E-7242-452C-B9B9-3D30EE949CED}.Release|Any CPU.ActiveCfg = Release|Any CPU
		{F75F571E-7242-452C-B9B9-3D30EE949CED}.Release|Any CPU.Build.0 = Release|Any CPU
		{016F6E05-CF26-407D-87DA-E2B474BDE302}.Debug|Any CPU.ActiveCfg = Debug|Any CPU
		{016F6E05-CF26-407D-87DA-E2B474BDE302}.Debug|Any CPU.Build.0 = Debug|Any CPU
		{016F6E05-CF26-407D-87DA-E2B474BDE302}.Release|Any CPU.ActiveCfg = Release|Any CPU
		{016F6E05-CF26-407D-87DA-E2B474BDE302}.Release|Any CPU.Build.0 = Release|Any CPU
	EndGlobalSection
	GlobalSection(SolutionProperties) = preSolution
		HideSolutionNode = FALSE
	EndGlobalSection
EndGlobal
